
Microsoft Visual Studio Solution File, Format Version 12.00
# Visual Studio Version 17
VisualStudioVersion = 17.0.32112.339
MinimumVisualStudioVersion = 10.0.40219.1
Project("{FAE04EC0-301F-11D3-BF4B-00C04F79EFBC}") = "TimeSheetManagementProject", "TimeSheetManagementProject.csproj", "{9D7DFD3C-AADE-47DE-A24C-72079F9624DF}"
EndProject
Global
	GlobalSection(SolutionConfigurationPlatforms) = preSolution
		Debug|Any CPU = Debug|Any CPU
		Release|Any CPU = Release|Any CPU
	EndGlobalSection
	GlobalSection(ProjectConfigurationPlatforms) = postSolution
		{9D7DFD3C-AADE-47DE-A24C-72079F9624DF}.Debug|Any CPU.ActiveCfg = Debug|Any CPU
		{9D7DFD3C-AADE-47DE-A24C-72079F9624DF}.Debug|Any CPU.Build.0 = Debug|Any CPU
		{9D7DFD3C-AADE-47DE-A24C-72079F9624DF}.Release|Any CPU.ActiveCfg = Release|Any CPU
		{9D7DFD3C-AADE-47DE-A24C-72079F9624DF}.Release|Any CPU.Build.0 = Release|Any CPU
	EndGlobalSection
	GlobalSection(SolutionProperties) = preSolution
		HideSolutionNode = FALSE
	EndGlobalSection
	GlobalSection(ExtensibilityGlobals) = postSolution
		SolutionGuid = {F1FB1C7B-A456-453F-9494-90D875D0BDB7}
	EndGlobalSection
EndGlobal
